
Microsoft Visual Studio Solution File, Format Version 12.00
# Visual Studio Version 17
VisualStudioVersion = 17.4.33122.133
MinimumVisualStudioVersion = 10.0.40219.1
Project("{FAE04EC0-301F-11D3-BF4B-00C04F79EFBC}") = "Exe4_149", "Exe4_149\Exe4_149.csproj", "{56048549-8ED9-4B0F-B0CF-20D3D2FEEC64}"
EndProject
Global
	GlobalSection(SolutionConfigurationPlatforms) = preSolution
		Debug|Any CPU = Debug|Any CPU
		Release|Any CPU = Release|Any CPU
	EndGlobalSection
	GlobalSection(ProjectConfigurationPlatforms) = postSolution
		{56048549-8ED9-4B0F-B0CF-20D3D2FEEC64}.Debug|Any CPU.ActiveCfg = Debug|Any CPU
		{56048549-8ED9-4B0F-B0CF-20D3D2FEEC64}.Debug|Any CPU.Build.0 = Debug|Any CPU
		{56048549-8ED9-4B0F-B0CF-20D3D2FEEC64}.Release|Any CPU.ActiveCfg = Release|Any CPU
		{56048549-8ED9-4B0F-B0CF-20D3D2FEEC64}.Release|Any CPU.Build.0 = Release|Any CPU
	EndGlobalSection
	GlobalSection(SolutionProperties) = preSolution
		HideSolutionNode = FALSE
	EndGlobalSection
	GlobalSection(ExtensibilityGlobals) = postSolution
		SolutionGuid = {55883C78-C55F-4D17-B1D4-36A97A75B1F8}
	EndGlobalSection
EndGlobal
